
Microsoft Visual Studio Solution File, Format Version 12.00
# Visual Studio Version 16
VisualStudioVersion = 16.0.30709.132
MinimumVisualStudioVersion = 10.0.40219.1
Project("{FAE04EC0-301F-11D3-BF4B-00C04F79EFBC}") = "RockTransactions", "RockTransactions.csproj", "{C4B7D771-B611-4FE9-A52A-A00F2B76CEB9}"
EndProject
Global
	GlobalSection(SolutionConfigurationPlatforms) = preSolution
		Debug|Any CPU = Debug|Any CPU
		Release|Any CPU = Release|Any CPU
	EndGlobalSection
	GlobalSection(ProjectConfigurationPlatforms) = postSolution
		{C4B7D771-B611-4FE9-A52A-A00F2B76CEB9}.Debug|Any CPU.ActiveCfg = Debug|Any CPU
		{C4B7D771-B611-4FE9-A52A-A00F2B76CEB9}.Debug|Any CPU.Build.0 = Debug|Any CPU
		{C4B7D771-B611-4FE9-A52A-A00F2B76CEB9}.Release|Any CPU.ActiveCfg = Release|Any CPU
		{C4B7D771-B611-4FE9-A52A-A00F2B76CEB9}.Release|Any CPU.Build.0 = Release|Any CPU
	EndGlobalSection
	GlobalSection(SolutionProperties) = preSolution
		HideSolutionNode = FALSE
	EndGlobalSection
	GlobalSection(ExtensibilityGlobals) = postSolution
		SolutionGuid = {FF777898-84A9-41B3-988C-2C7DBC812EA5}
	EndGlobalSection
EndGlobal
